
Microsoft Visual Studio Solution File, Format Version 12.00
# Visual Studio Version 17
VisualStudioVersion = 17.9.34701.34
MinimumVisualStudioVersion = 10.0.40219.1
Project("{FAE04EC0-301F-11D3-BF4B-00C04F79EFBC}") = "01_MainSubjects", "01_MainSubjects\01_MainSubjects.csproj", "{1DDF8197-9738-45F4-888D-8CF138EFBCA0}"
EndProject
Project("{FAE04EC0-301F-11D3-BF4B-00C04F79EFBC}") = "02_Variables", "02_Variables\02_Variables.csproj", "{79B010F1-FF79-48C8-B6E9-25367444792D}"
EndProject
Project("{FAE04EC0-301F-11D3-BF4B-00C04F79EFBC}") = "03_MakingDecision", "03_MakingDecision\03_MakingDecision.csproj", "{000E1F8F-391A-4DA4-A096-721DEAA397B8}"
EndProject
Project("{FAE04EC0-301F-11D3-BF4B-00C04F79EFBC}") = "05_LoopsWithStars", "05_LoopsWithStars\05_LoopsWithStars.csproj", "{310709D2-F13D-40BD-9BCE-CCB546072454}"
EndProject
Global
	GlobalSection(SolutionConfigurationPlatforms) = preSolution
		Debug|Any CPU = Debug|Any CPU
		Release|Any CPU = Release|Any CPU
	EndGlobalSection
	GlobalSection(ProjectConfigurationPlatforms) = postSolution
		{1DDF8197-9738-45F4-888D-8CF138EFBCA0}.Debug|Any CPU.ActiveCfg = Debug|Any CPU
		{1DDF8197-9738-45F4-888D-8CF138EFBCA0}.Debug|Any CPU.Build.0 = Debug|Any CPU
		{1DDF8197-9738-45F4-888D-8CF138EFBCA0}.Release|Any CPU.ActiveCfg = Release|Any CPU
		{1DDF8197-9738-45F4-888D-8CF138EFBCA0}.Release|Any CPU.Build.0 = Release|Any CPU
		{79B010F1-FF79-48C8-B6E9-25367444792D}.Debug|Any CPU.ActiveCfg = Debug|Any CPU
		{79B010F1-FF79-48C8-B6E9-25367444792D}.Debug|Any CPU.Build.0 = Debug|Any CPU
		{79B010F1-FF79-48C8-B6E9-25367444792D}.Release|Any CPU.ActiveCfg = Release|Any CPU
		{79B010F1-FF79-48C8-B6E9-25367444792D}.Release|Any CPU.Build.0 = Release|Any CPU
		{000E1F8F-391A-4DA4-A096-721DEAA397B8}.Debug|Any CPU.ActiveCfg = Debug|Any CPU
		{000E1F8F-391A-4DA4-A096-721DEAA397B8}.Debug|Any CPU.Build.0 = Debug|Any CPU
		{000E1F8F-391A-4DA4-A096-721DEAA397B8}.Release|Any CPU.ActiveCfg = Release|Any CPU
		{000E1F8F-391A-4DA4-A096-721DEAA397B8}.Release|Any CPU.Build.0 = Release|Any CPU
		{310709D2-F13D-40BD-9BCE-CCB546072454}.Debug|Any CPU.ActiveCfg = Debug|Any CPU
		{310709D2-F13D-40BD-9BCE-CCB546072454}.Debug|Any CPU.Build.0 = Debug|Any CPU
		{310709D2-F13D-40BD-9BCE-CCB546072454}.Release|Any CPU.ActiveCfg = Release|Any CPU
		{310709D2-F13D-40BD-9BCE-CCB546072454}.Release|Any CPU.Build.0 = Release|Any CPU
	EndGlobalSection
	GlobalSection(SolutionProperties) = preSolution
		HideSolutionNode = FALSE
	EndGlobalSection
	GlobalSection(ExtensibilityGlobals) = postSolution
		SolutionGuid = {CC2698A6-E1DF-49B2-ACE5-58A47D848633}
	EndGlobalSection
EndGlobal
